
Microsoft Visual Studio Solution File, Format Version 12.00
# Visual Studio Version 17
VisualStudioVersion = 17.10.35122.118
MinimumVisualStudioVersion = 10.0.40219.1
Project("{2150E333-8FDC-42A3-9474-1A3956D46DE8}") = "Services", "Services", "{17F60870-E127-4882-AC42-7F6E5669A950}"
EndProject
Project("{2150E333-8FDC-42A3-9474-1A3956D46DE8}") = "Catalog", "Catalog", "{5514CE3C-E618-41EE-AA55-2F8F9F64C125}"
EndProject
Project("{9A19103F-16F7-4668-BE54-9A1E7A4F7556}") = "Catalog.API", "Catalog\Catalog.API\Catalog.API.csproj", "{0177454D-F84B-4246-93A3-3A4763307928}"
EndProject
Project("{9A19103F-16F7-4668-BE54-9A1E7A4F7556}") = "Catalog.Application", "Catalog\Catalog.Application\Catalog.Application.csproj", "{49ED47F7-3C22-4686-B2DA-3F10C7FF0004}"
EndProject
Project("{9A19103F-16F7-4668-BE54-9A1E7A4F7556}") = "Catalog.Core", "Catalog\Catalog.Core\Catalog.Core.csproj", "{AF681D8A-A17D-4758-A2CE-8B292488A6FF}"
EndProject
Project("{9A19103F-16F7-4668-BE54-9A1E7A4F7556}") = "Catalog.Infrastructure", "Catalog\Catalog.Infrastructure\Catalog.Infrastructure.csproj", "{9082EBE7-84A8-4AFA-B477-456E445105E9}"
EndProject
Project("{2150E333-8FDC-42A3-9474-1A3956D46DE8}") = "Solution Items", "Solution Items", "{ABEC6B01-1CA9-47FE-8631-5ACD5FE02DEA}"
	ProjectSection(SolutionItems) = preProject
		compose.yaml = compose.yaml
	EndProjectSection
EndProject
Project("{E53339B2-1760-4266-BCC7-CA923CBCF16C}") = "docker-compose", "docker-compose.dcproj", "{8AEBBF81-DA1C-42E6-A7E9-4F7101AA513F}"
EndProject
Project("{2150E333-8FDC-42A3-9474-1A3956D46DE8}") = "Basket", "Basket", "{C1424F8C-098B-497D-93C5-4DDC5C12E699}"
EndProject
Project("{FAE04EC0-301F-11D3-BF4B-00C04F79EFBC}") = "Basket.API", "Basket\Basket.API\Basket.API.csproj", "{3FD4DEB7-001E-49FC-B04B-09D1727DA046}"
EndProject
Project("{FAE04EC0-301F-11D3-BF4B-00C04F79EFBC}") = "Basket.Core", "Basket\Basket.Core\Basket.Core.csproj", "{2E4B90DB-70EF-4B45-BE1B-AECF8B29DF20}"
EndProject
Project("{FAE04EC0-301F-11D3-BF4B-00C04F79EFBC}") = "Basket.Application", "Basket\Basket.Application\Basket.Application.csproj", "{93FED0D7-880E-4AE1-9EFD-808699B193AB}"
EndProject
Project("{FAE04EC0-301F-11D3-BF4B-00C04F79EFBC}") = "Basket.Infrastructure", "Basket\Basket.Infrastructure\Basket.Infrastructure.csproj", "{CFD61E05-7570-4F82-95CC-E06D070DCEDE}"
EndProject
Project("{2150E333-8FDC-42A3-9474-1A3956D46DE8}") = "Discount", "Discount", "{405223B5-3939-40CF-9025-F3252842970D}"
EndProject
Project("{FAE04EC0-301F-11D3-BF4B-00C04F79EFBC}") = "Discount.API", "Discount\Discount.API\Discount.API.csproj", "{5130B9E5-2E9A-4417-9731-4593871677F7}"
EndProject
Project("{FAE04EC0-301F-11D3-BF4B-00C04F79EFBC}") = "Discount.Application", "Discount\Discount.Application\Discount.Application.csproj", "{8A7C0287-3D50-483E-898F-261B4711A601}"
EndProject
Project("{FAE04EC0-301F-11D3-BF4B-00C04F79EFBC}") = "Discount.Infrastructure", "Discount\Discount.Infrastructure\Discount.Infrastructure.csproj", "{93B17842-E861-4FCE-88EF-60E68DC808B1}"
EndProject
Project("{FAE04EC0-301F-11D3-BF4B-00C04F79EFBC}") = "Discount.Core", "Discount\Discount.Core\Discount.Core.csproj", "{9A594C14-9951-47DF-82D3-B60C1CFF45BE}"
EndProject
Global
	GlobalSection(SolutionConfigurationPlatforms) = preSolution
		Debug|Any CPU = Debug|Any CPU
		Release|Any CPU = Release|Any CPU
	EndGlobalSection
	GlobalSection(ProjectConfigurationPlatforms) = postSolution
		{0177454D-F84B-4246-93A3-3A4763307928}.Debug|Any CPU.ActiveCfg = Debug|Any CPU
		{0177454D-F84B-4246-93A3-3A4763307928}.Debug|Any CPU.Build.0 = Debug|Any CPU
		{0177454D-F84B-4246-93A3-3A4763307928}.Release|Any CPU.ActiveCfg = Release|Any CPU
		{0177454D-F84B-4246-93A3-3A4763307928}.Release|Any CPU.Build.0 = Release|Any CPU
		{49ED47F7-3C22-4686-B2DA-3F10C7FF0004}.Debug|Any CPU.ActiveCfg = Debug|Any CPU
		{49ED47F7-3C22-4686-B2DA-3F10C7FF0004}.Debug|Any CPU.Build.0 = Debug|Any CPU
		{49ED47F7-3C22-4686-B2DA-3F10C7FF0004}.Release|Any CPU.ActiveCfg = Release|Any CPU
		{49ED47F7-3C22-4686-B2DA-3F10C7FF0004}.Release|Any CPU.Build.0 = Release|Any CPU
		{AF681D8A-A17D-4758-A2CE-8B292488A6FF}.Debug|Any CPU.ActiveCfg = Debug|Any CPU
		{AF681D8A-A17D-4758-A2CE-8B292488A6FF}.Debug|Any CPU.Build.0 = Debug|Any CPU
		{AF681D8A-A17D-4758-A2CE-8B292488A6FF}.Release|Any CPU.ActiveCfg = Release|Any CPU
		{AF681D8A-A17D-4758-A2CE-8B292488A6FF}.Release|Any CPU.Build.0 = Release|Any CPU
		{9082EBE7-84A8-4AFA-B477-456E445105E9}.Debug|Any CPU.ActiveCfg = Debug|Any CPU
		{9082EBE7-84A8-4AFA-B477-456E445105E9}.Debug|Any CPU.Build.0 = Debug|Any CPU
		{9082EBE7-84A8-4AFA-B477-456E445105E9}.Release|Any CPU.ActiveCfg = Release|Any CPU
		{9082EBE7-84A8-4AFA-B477-456E445105E9}.Release|Any CPU.Build.0 = Release|Any CPU
		{8AEBBF81-DA1C-42E6-A7E9-4F7101AA513F}.Debug|Any CPU.ActiveCfg = Debug|Any CPU
		{8AEBBF81-DA1C-42E6-A7E9-4F7101AA513F}.Debug|Any CPU.Build.0 = Debug|Any CPU
		{8AEBBF81-DA1C-42E6-A7E9-4F7101AA513F}.Release|Any CPU.ActiveCfg = Release|Any CPU
		{8AEBBF81-DA1C-42E6-A7E9-4F7101AA513F}.Release|Any CPU.Build.0 = Release|Any CPU
		{3FD4DEB7-001E-49FC-B04B-09D1727DA046}.Debug|Any CPU.ActiveCfg = Debug|Any CPU
		{3FD4DEB7-001E-49FC-B04B-09D1727DA046}.Debug|Any CPU.Build.0 = Debug|Any CPU
		{3FD4DEB7-001E-49FC-B04B-09D1727DA046}.Release|Any CPU.ActiveCfg = Release|Any CPU
		{3FD4DEB7-001E-49FC-B04B-09D1727DA046}.Release|Any CPU.Build.0 = Release|Any CPU
		{2E4B90DB-70EF-4B45-BE1B-AECF8B29DF20}.Debug|Any CPU.ActiveCfg = Debug|Any CPU
		{2E4B90DB-70EF-4B45-BE1B-AECF8B29DF20}.Debug|Any CPU.Build.0 = Debug|Any CPU
		{2E4B90DB-70EF-4B45-BE1B-AECF8B29DF20}.Release|Any CPU.ActiveCfg = Release|Any CPU
		{2E4B90DB-70EF-4B45-BE1B-AECF8B29DF20}.Release|Any CPU.Build.0 = Release|Any CPU
		{93FED0D7-880E-4AE1-9EFD-808699B193AB}.Debug|Any CPU.ActiveCfg = Debug|Any CPU
		{93FED0D7-880E-4AE1-9EFD-808699B193AB}.Debug|Any CPU.Build.0 = Debug|Any CPU
		{93FED0D7-880E-4AE1-9EFD-808699B193AB}.Release|Any CPU.ActiveCfg = Release|Any CPU
		{93FED0D7-880E-4AE1-9EFD-808699B193AB}.Release|Any CPU.Build.0 = Release|Any CPU
		{CFD61E05-7570-4F82-95CC-E06D070DCEDE}.Debug|Any CPU.ActiveCfg = Debug|Any CPU
		{CFD61E05-7570-4F82-95CC-E06D070DCEDE}.Debug|Any CPU.Build.0 = Debug|Any CPU
		{CFD61E05-7570-4F82-95CC-E06D070DCEDE}.Release|Any CPU.ActiveCfg = Release|Any CPU
		{CFD61E05-7570-4F82-95CC-E06D070DCEDE}.Release|Any CPU.Build.0 = Release|Any CPU
		{5130B9E5-2E9A-4417-9731-4593871677F7}.Debug|Any CPU.ActiveCfg = Debug|Any CPU
		{5130B9E5-2E9A-4417-9731-4593871677F7}.Debug|Any CPU.Build.0 = Debug|Any CPU
		{5130B9E5-2E9A-4417-9731-4593871677F7}.Release|Any CPU.ActiveCfg = Release|Any CPU
		{5130B9E5-2E9A-4417-9731-4593871677F7}.Release|Any CPU.Build.0 = Release|Any CPU
		{8A7C0287-3D50-483E-898F-261B4711A601}.Debug|Any CPU.ActiveCfg = Debug|Any CPU
		{8A7C0287-3D50-483E-898F-261B4711A601}.Debug|Any CPU.Build.0 = Debug|Any CPU
		{8A7C0287-3D50-483E-898F-261B4711A601}.Release|Any CPU.ActiveCfg = Release|Any CPU
		{8A7C0287-3D50-483E-898F-261B4711A601}.Release|Any CPU.Build.0 = Release|Any CPU
		{93B17842-E861-4FCE-88EF-60E68DC808B1}.Debug|Any CPU.ActiveCfg = Debug|Any CPU
		{93B17842-E861-4FCE-88EF-60E68DC808B1}.Debug|Any CPU.Build.0 = Debug|Any CPU
		{93B17842-E861-4FCE-88EF-60E68DC808B1}.Release|Any CPU.ActiveCfg = Release|Any CPU
		{93B17842-E861-4FCE-88EF-60E68DC808B1}.Release|Any CPU.Build.0 = Release|Any CPU
		{9A594C14-9951-47DF-82D3-B60C1CFF45BE}.Debug|Any CPU.ActiveCfg = Debug|Any CPU
		{9A594C14-9951-47DF-82D3-B60C1CFF45BE}.Debug|Any CPU.Build.0 = Debug|Any CPU
		{9A594C14-9951-47DF-82D3-B60C1CFF45BE}.Release|Any CPU.ActiveCfg = Release|Any CPU
		{9A594C14-9951-47DF-82D3-B60C1CFF45BE}.Release|Any CPU.Build.0 = Release|Any CPU
	EndGlobalSection
	GlobalSection(SolutionProperties) = preSolution
		HideSolutionNode = FALSE
	EndGlobalSection
	GlobalSection(NestedProjects) = preSolution
		{5514CE3C-E618-41EE-AA55-2F8F9F64C125} = {17F60870-E127-4882-AC42-7F6E5669A950}
		{0177454D-F84B-4246-93A3-3A4763307928} = {5514CE3C-E618-41EE-AA55-2F8F9F64C125}
		{49ED47F7-3C22-4686-B2DA-3F10C7FF0004} = {5514CE3C-E618-41EE-AA55-2F8F9F64C125}
		{AF681D8A-A17D-4758-A2CE-8B292488A6FF} = {5514CE3C-E618-41EE-AA55-2F8F9F64C125}
		{9082EBE7-84A8-4AFA-B477-456E445105E9} = {5514CE3C-E618-41EE-AA55-2F8F9F64C125}
		{C1424F8C-098B-497D-93C5-4DDC5C12E699} = {17F60870-E127-4882-AC42-7F6E5669A950}
		{3FD4DEB7-001E-49FC-B04B-09D1727DA046} = {C1424F8C-098B-497D-93C5-4DDC5C12E699}
		{2E4B90DB-70EF-4B45-BE1B-AECF8B29DF20} = {C1424F8C-098B-497D-93C5-4DDC5C12E699}
		{93FED0D7-880E-4AE1-9EFD-808699B193AB} = {C1424F8C-098B-497D-93C5-4DDC5C12E699}
		{CFD61E05-7570-4F82-95CC-E06D070DCEDE} = {C1424F8C-098B-497D-93C5-4DDC5C12E699}
		{405223B5-3939-40CF-9025-F3252842970D} = {17F60870-E127-4882-AC42-7F6E5669A950}
		{5130B9E5-2E9A-4417-9731-4593871677F7} = {405223B5-3939-40CF-9025-F3252842970D}
		{8A7C0287-3D50-483E-898F-261B4711A601} = {405223B5-3939-40CF-9025-F3252842970D}
		{93B17842-E861-4FCE-88EF-60E68DC808B1} = {405223B5-3939-40CF-9025-F3252842970D}
		{9A594C14-9951-47DF-82D3-B60C1CFF45BE} = {405223B5-3939-40CF-9025-F3252842970D}
	EndGlobalSection
EndGlobal
